
Microsoft Visual Studio Solution File, Format Version 12.00
# Visual Studio Version 17
VisualStudioVersion = 17.13.35919.96 d17.13
MinimumVisualStudioVersion = 10.0.40219.1
Project("{FAE04EC0-301F-11D3-BF4B-00C04F79EFBC}") = "Calculator", "Calculator\Calculator.csproj", "{D21B77CD-0342-473C-855A-2D452D09A0CA}"
EndProject
Global
	GlobalSection(SolutionConfigurationPlatforms) = preSolution
		Debug|Any CPU = Debug|Any CPU
		Release|Any CPU = Release|Any CPU
	EndGlobalSection
	GlobalSection(ProjectConfigurationPlatforms) = postSolution
		{D21B77CD-0342-473C-855A-2D452D09A0CA}.Debug|Any CPU.ActiveCfg = Debug|Any CPU
		{D21B77CD-0342-473C-855A-2D452D09A0CA}.Debug|Any CPU.Build.0 = Debug|Any CPU
		{D21B77CD-0342-473C-855A-2D452D09A0CA}.Release|Any CPU.ActiveCfg = Release|Any CPU
		{D21B77CD-0342-473C-855A-2D452D09A0CA}.Release|Any CPU.Build.0 = Release|Any CPU
	EndGlobalSection
	GlobalSection(SolutionProperties) = preSolution
		HideSolutionNode = FALSE
	EndGlobalSection
	GlobalSection(ExtensibilityGlobals) = postSolution
		SolutionGuid = {8F1FA36D-4C57-4D7D-8D4F-07CBFD33660D}
	EndGlobalSection
EndGlobal
